// !$*UTF8*$!
{
	archiveVersion = 1;
	classes = {
	};
	objectVersion = 46;
	objects = {

/* Begin PBXBuildFile section */
		2A3CCF381E79176E00653ACF /* LWViewController.m in Sources */ = {isa = PBXBuildFile; fileRef = 2A3CCF371E79176E00653ACF /* LWViewController.m */; };
		2A3CCF3C1E7917C400653ACF /* LWView.m in Sources */ = {isa = PBXBuildFile; fileRef = 2A3CCF3B1E7917C400653ACF /* LWView.m */; };
		2A3CCF401E7917F900653ACF /* LWViewModel.m in Sources */ = {isa = PBXBuildFile; fileRef = 2A3CCF3F1E7917F900653ACF /* LWViewModel.m */; };
		2A3CCF441E79193800653ACF /* CMRequest.m in Sources */ = {isa = PBXBuildFile; fileRef = 2A3CCF431E79193800653ACF /* CMRequest.m */; };
		2A3CCF471E79396D00653ACF /* LWCoreToolCenter.m in Sources */ = {isa = PBXBuildFile; fileRef = 2A3CCF461E79396D00653ACF /* LWCoreToolCenter.m */; };
		2AFBB51C1E78D346002EE0D6 /* main.m in Sources */ = {isa = PBXBuildFile; fileRef = 2AFBB51B1E78D346002EE0D6 /* main.m */; };
		2AFBB5251E78D346002EE0D6 /* Main.storyboard in Resources */ = {isa = PBXBuildFile; fileRef = 2AFBB5231E78D346002EE0D6 /* Main.storyboard */; };
		2AFBB5271E78D346002EE0D6 /* Assets.xcassets in Resources */ = {isa = PBXBuildFile; fileRef = 2AFBB5261E78D346002EE0D6 /* Assets.xcassets */; };
		2AFBB52A1E78D346002EE0D6 /* LaunchScreen.storyboard in Resources */ = {isa = PBXBuildFile; fileRef = 2AFBB5281E78D346002EE0D6 /* LaunchScreen.storyboard */; };
		2AFBB5351E78D346002EE0D6 /* LWMVVMDemoTests.m in Sources */ = {isa = PBXBuildFile; fileRef = 2AFBB5341E78D346002EE0D6 /* LWMVVMDemoTests.m */; };
		2AFBB5401E78D346002EE0D6 /* LWMVVMDemoUITests.m in Sources */ = {isa = PBXBuildFile; fileRef = 2AFBB53F1E78D346002EE0D6 /* LWMVVMDemoUITests.m */; };
		2AFBB5501E78D6A1002EE0D6 /* AppDelegate.m in Sources */ = {isa = PBXBuildFile; fileRef = 2AFBB54F1E78D6A1002EE0D6 /* AppDelegate.m */; };
		2AFBB5691E78DB01002EE0D6 /* LWStartApp.m in Sources */ = {isa = PBXBuildFile; fileRef = 2AFBB5681E78DB01002EE0D6 /* LWStartApp.m */; };
		2AFBB56C1E78DB1F002EE0D6 /* LWThirdPartService.m in Sources */ = {isa = PBXBuildFile; fileRef = 2AFBB56B1E78DB1F002EE0D6 /* LWThirdPartService.m */; };
		2AFFADD01E7A770900CCF22B /* LWCollectionViewCell.m in Sources */ = {isa = PBXBuildFile; fileRef = 2AFFADC61E7A770900CCF22B /* LWCollectionViewCell.m */; };
		2AFFADD11E7A770900CCF22B /* LWNavigationController.m in Sources */ = {isa = PBXBuildFile; fileRef = 2AFFADC91E7A770900CCF22B /* LWNavigationController.m */; };
		2AFFADD21E7A770900CCF22B /* LWTableViewCell.m in Sources */ = {isa = PBXBuildFile; fileRef = 2AFFADCB1E7A770900CCF22B /* LWTableViewCell.m */; };
		2AFFADD31E7A770900CCF22B /* LWTableViewHeaderFooterView.m in Sources */ = {isa = PBXBuildFile; fileRef = 2AFFADCE1E7A770900CCF22B /* LWTableViewHeaderFooterView.m */; };
		2AFFADD61E7A785300CCF22B /* LWCirleListViewController.m in Sources */ = {isa = PBXBuildFile; fileRef = 2AFFADD51E7A785300CCF22B /* LWCirleListViewController.m */; };
		2AFFADD91E7A7C6C00CCF22B /* LWCircleListView.m in Sources */ = {isa = PBXBuildFile; fileRef = 2AFFADD81E7A7C6C00CCF22B /* LWCircleListView.m */; };
		2AFFADDC1E7A7C8C00CCF22B /* LWCircleListTableCell.m in Sources */ = {isa = PBXBuildFile; fileRef = 2AFFADDB1E7A7C8C00CCF22B /* LWCircleListTableCell.m */; };
		2AFFADDF1E7A7D0500CCF22B /* LWCircleListSectionHeaderView.m in Sources */ = {isa = PBXBuildFile; fileRef = 2AFFADDE1E7A7D0500CCF22B /* LWCircleListSectionHeaderView.m */; };
		2AFFADE21E7A7D1900CCF22B /* LWCircleListHeaderView.m in Sources */ = {isa = PBXBuildFile; fileRef = 2AFFADE11E7A7D1900CCF22B /* LWCircleListHeaderView.m */; };
		2AFFADE51E7A7D4000CCF22B /* LWCircleListCollectionCell.m in Sources */ = {isa = PBXBuildFile; fileRef = 2AFFADE41E7A7D4000CCF22B /* LWCircleListCollectionCell.m */; };
		2AFFADE81E7A7D6900CCF22B /* LWCircleListColectionCellViewModel.m in Sources */ = {isa = PBXBuildFile; fileRef = 2AFFADE71E7A7D6900CCF22B /* LWCircleListColectionCellViewModel.m */; };
		2AFFADEB1E7A7D7B00CCF22B /* LWCircleListHeaderViewModel.m in Sources */ = {isa = PBXBuildFile; fileRef = 2AFFADEA1E7A7D7B00CCF22B /* LWCircleListHeaderViewModel.m */; };
		2AFFADEE1E7A7D9200CCF22B /* LWCircleListSectionHeaderViewModel.m in Sources */ = {isa = PBXBuildFile; fileRef = 2AFFADED1E7A7D9200CCF22B /* LWCircleListSectionHeaderViewModel.m */; };
		2AFFADF11E7A7DA400CCF22B /* LWCircleListViewModel.m in Sources */ = {isa = PBXBuildFile; fileRef = 2AFFADF01E7A7DA400CCF22B /* LWCircleListViewModel.m */; };
		B080F257FE822513DC5C7D91 /* libPods-LWMVVMDemo.a in Frameworks */ = {isa = PBXBuildFile; fileRef = 864102FE54A20F539EC8C7E8 /* libPods-LWMVVMDemo.a */; };
/* End PBXBuildFile section */

/* Begin PBXContainerItemProxy section */
		2AFBB5311E78D346002EE0D6 /* PBXContainerItemProxy */ = {
			isa = PBXContainerItemProxy;
			containerPortal = 2AFBB50F1E78D346002EE0D6 /* Project object */;
			proxyType = 1;
			remoteGlobalIDString = 2AFBB5161E78D346002EE0D6;
			remoteInfo = LWMVVMDemo;
		};
		2AFBB53C1E78D346002EE0D6 /* PBXContainerItemProxy */ = {
			isa = PBXContainerItemProxy;
			containerPortal = 2AFBB50F1E78D346002EE0D6 /* Project object */;
			proxyType = 1;
			remoteGlobalIDString = 2AFBB5161E78D346002EE0D6;
			remoteInfo = LWMVVMDemo;
		};
/* End PBXContainerItemProxy section */

/* Begin PBXFileReference section */
		2A3CCF291E78EEBA00653ACF /* PrefixHeader.pch */ = {isa = PBXFileReference; lastKnownFileType = sourcecode.c.h; path = PrefixHeader.pch; sourceTree = "<group>"; };
		2A3CCF361E79176E00653ACF /* LWViewController.h */ = {isa = PBXFileReference; fileEncoding = 4; lastKnownFileType = sourcecode.c.h; path = LWViewController.h; sourceTree = "<group>"; };
		2A3CCF371E79176E00653ACF /* LWViewController.m */ = {isa = PBXFileReference; fileEncoding = 4; lastKnownFileType = sourcecode.c.objc; path = LWViewController.m; sourceTree = "<group>"; };
		2A3CCF391E79179C00653ACF /* LWViewControllerProtocol.h */ = {isa = PBXFileReference; lastKnownFileType = sourcecode.c.h; path = LWViewControllerProtocol.h; sourceTree = "<group>"; };
		2A3CCF3A1E7917C400653ACF /* LWView.h */ = {isa = PBXFileReference; fileEncoding = 4; lastKnownFileType = sourcecode.c.h; path = LWView.h; sourceTree = "<group>"; };
		2A3CCF3B1E7917C400653ACF /* LWView.m */ = {isa = PBXFileReference; fileEncoding = 4; lastKnownFileType = sourcecode.c.objc; path = LWView.m; sourceTree = "<group>"; };
		2A3CCF3D1E7917D200653ACF /* LWViewProtocol.h */ = {isa = PBXFileReference; lastKnownFileType = sourcecode.c.h; path = LWViewProtocol.h; sourceTree = "<group>"; };
		2A3CCF3E1E7917F800653ACF /* LWViewModel.h */ = {isa = PBXFileReference; fileEncoding = 4; lastKnownFileType = sourcecode.c.h; path = LWViewModel.h; sourceTree = "<group>"; };
		2A3CCF3F1E7917F900653ACF /* LWViewModel.m */ = {isa = PBXFileReference; fileEncoding = 4; lastKnownFileType = sourcecode.c.objc; path = LWViewModel.m; sourceTree = "<group>"; };
		2A3CCF421E79193800653ACF /* CMRequest.h */ = {isa = PBXFileReference; fileEncoding = 4; lastKnownFileType = sourcecode.c.h; path = CMRequest.h; sourceTree = "<group>"; };
		2A3CCF431E79193800653ACF /* CMRequest.m */ = {isa = PBXFileReference; fileEncoding = 4; lastKnownFileType = sourcecode.c.objc; path = CMRequest.m; sourceTree = "<group>"; };
		2A3CCF451E79396D00653ACF /* LWCoreToolCenter.h */ = {isa = PBXFileReference; fileEncoding = 4; lastKnownFileType = sourcecode.c.h; path = LWCoreToolCenter.h; sourceTree = "<group>"; };
		2A3CCF461E79396D00653ACF /* LWCoreToolCenter.m */ = {isa = PBXFileReference; fileEncoding = 4; lastKnownFileType = sourcecode.c.objc; path = LWCoreToolCenter.m; sourceTree = "<group>"; };
		2AFBB5171E78D346002EE0D6 /* LWMVVMDemo.app */ = {isa = PBXFileReference; explicitFileType = wrapper.application; includeInIndex = 0; path = LWMVVMDemo.app; sourceTree = BUILT_PRODUCTS_DIR; };
		2AFBB51B1E78D346002EE0D6 /* main.m */ = {isa = PBXFileReference; lastKnownFileType = sourcecode.c.objc; path = main.m; sourceTree = "<group>"; };
		2AFBB5241E78D346002EE0D6 /* Base */ = {isa = PBXFileReference; lastKnownFileType = file.storyboard; name = Base; path = Base.lproj/Main.storyboard; sourceTree = "<group>"; };
		2AFBB5261E78D346002EE0D6 /* Assets.xcassets */ = {isa = PBXFileReference; lastKnownFileType = folder.assetcatalog; path = Assets.xcassets; sourceTree = "<group>"; };
		2AFBB5291E78D346002EE0D6 /* Base */ = {isa = PBXFileReference; lastKnownFileType = file.storyboard; name = Base; path = Base.lproj/LaunchScreen.storyboard; sourceTree = "<group>"; };
		2AFBB52B1E78D346002EE0D6 /* Info.plist */ = {isa = PBXFileReference; lastKnownFileType = text.plist.xml; path = Info.plist; sourceTree = "<group>"; };
		2AFBB5301E78D346002EE0D6 /* LWMVVMDemoTests.xctest */ = {isa = PBXFileReference; explicitFileType = wrapper.cfbundle; includeInIndex = 0; path = LWMVVMDemoTests.xctest; sourceTree = BUILT_PRODUCTS_DIR; };
		2AFBB5341E78D346002EE0D6 /* LWMVVMDemoTests.m */ = {isa = PBXFileReference; lastKnownFileType = sourcecode.c.objc; path = LWMVVMDemoTests.m; sourceTree = "<group>"; };
		2AFBB5361E78D346002EE0D6 /* Info.plist */ = {isa = PBXFileReference; lastKnownFileType = text.plist.xml; path = Info.plist; sourceTree = "<group>"; };
		2AFBB53B1E78D346002EE0D6 /* LWMVVMDemoUITests.xctest */ = {isa = PBXFileReference; explicitFileType = wrapper.cfbundle; includeInIndex = 0; path = LWMVVMDemoUITests.xctest; sourceTree = BUILT_PRODUCTS_DIR; };
		2AFBB53F1E78D346002EE0D6 /* LWMVVMDemoUITests.m */ = {isa = PBXFileReference; lastKnownFileType = sourcecode.c.objc; path = LWMVVMDemoUITests.m; sourceTree = "<group>"; };
		2AFBB5411E78D346002EE0D6 /* Info.plist */ = {isa = PBXFileReference; lastKnownFileType = text.plist.xml; path = Info.plist; sourceTree = "<group>"; };
		2AFBB54E1E78D6A1002EE0D6 /* AppDelegate.h */ = {isa = PBXFileReference; fileEncoding = 4; lastKnownFileType = sourcecode.c.h; path = AppDelegate.h; sourceTree = "<group>"; };
		2AFBB54F1E78D6A1002EE0D6 /* AppDelegate.m */ = {isa = PBXFileReference; fileEncoding = 4; lastKnownFileType = sourcecode.c.objc; path = AppDelegate.m; sourceTree = "<group>"; };
		2AFBB5601E78D8F7002EE0D6 /* APIMacro.h */ = {isa = PBXFileReference; lastKnownFileType = sourcecode.c.h; path = APIMacro.h; sourceTree = "<group>"; };
		2AFBB5611E78D904002EE0D6 /* APPMacro.h */ = {isa = PBXFileReference; lastKnownFileType = sourcecode.c.h; path = APPMacro.h; sourceTree = "<group>"; };
		2AFBB5621E78D910002EE0D6 /* NotificationMacro.h */ = {isa = PBXFileReference; lastKnownFileType = sourcecode.c.h; path = NotificationMacro.h; sourceTree = "<group>"; };
		2AFBB5631E78D922002EE0D6 /* ToolView.h */ = {isa = PBXFileReference; lastKnownFileType = sourcecode.c.h; path = ToolView.h; sourceTree = "<group>"; };
		2AFBB5641E78D942002EE0D6 /* UtilsMacro.h */ = {isa = PBXFileReference; lastKnownFileType = sourcecode.c.h; path = UtilsMacro.h; sourceTree = "<group>"; };
		2AFBB5651E78D94D002EE0D6 /* VendorMacro.h */ = {isa = PBXFileReference; lastKnownFileType = sourcecode.c.h; path = VendorMacro.h; sourceTree = "<group>"; };
		2AFBB5661E78D962002EE0D6 /* ACMacro.h */ = {isa = PBXFileReference; lastKnownFileType = sourcecode.c.h; path = ACMacro.h; sourceTree = "<group>"; };
		2AFBB5671E78DB01002EE0D6 /* LWStartApp.h */ = {isa = PBXFileReference; fileEncoding = 4; lastKnownFileType = sourcecode.c.h; path = LWStartApp.h; sourceTree = "<group>"; };
		2AFBB5681E78DB01002EE0D6 /* LWStartApp.m */ = {isa = PBXFileReference; fileEncoding = 4; lastKnownFileType = sourcecode.c.objc; path = LWStartApp.m; sourceTree = "<group>"; };
		2AFBB56A1E78DB1F002EE0D6 /* LWThirdPartService.h */ = {isa = PBXFileReference; fileEncoding = 4; lastKnownFileType = sourcecode.c.h; path = LWThirdPartService.h; sourceTree = "<group>"; };
		2AFBB56B1E78DB1F002EE0D6 /* LWThirdPartService.m */ = {isa = PBXFileReference; fileEncoding = 4; lastKnownFileType = sourcecode.c.objc; path = LWThirdPartService.m; sourceTree = "<group>"; };
		2AFFADC31E7A35F700CCF22B /* LWViewModelProtocol.h */ = {isa = PBXFileReference; lastKnownFileType = sourcecode.c.h; path = LWViewModelProtocol.h; sourceTree = "<group>"; };
		2AFFADC51E7A770900CCF22B /* LWCollectionViewCell.h */ = {isa = PBXFileReference; fileEncoding = 4; lastKnownFileType = sourcecode.c.h; path = LWCollectionViewCell.h; sourceTree = "<group>"; };
		2AFFADC61E7A770900CCF22B /* LWCollectionViewCell.m */ = {isa = PBXFileReference; fileEncoding = 4; lastKnownFileType = sourcecode.c.objc; path = LWCollectionViewCell.m; sourceTree = "<group>"; };
		2AFFADC71E7A770900CCF22B /* LWCollerctionViewCellProtocol.h */ = {isa = PBXFileReference; fileEncoding = 4; lastKnownFileType = sourcecode.c.h; path = LWCollerctionViewCellProtocol.h; sourceTree = "<group>"; };
		2AFFADC81E7A770900CCF22B /* LWNavigationController.h */ = {isa = PBXFileReference; fileEncoding = 4; lastKnownFileType = sourcecode.c.h; path = LWNavigationController.h; sourceTree = "<group>"; };
		2AFFADC91E7A770900CCF22B /* LWNavigationController.m */ = {isa = PBXFileReference; fileEncoding = 4; lastKnownFileType = sourcecode.c.objc; path = LWNavigationController.m; sourceTree = "<group>"; };
		2AFFADCA1E7A770900CCF22B /* LWTableViewCell.h */ = {isa = PBXFileReference; fileEncoding = 4; lastKnownFileType = sourcecode.c.h; path = LWTableViewCell.h; sourceTree = "<group>"; };
		2AFFADCB1E7A770900CCF22B /* LWTableViewCell.m */ = {isa = PBXFileReference; fileEncoding = 4; lastKnownFileType = sourcecode.c.objc; path = LWTableViewCell.m; sourceTree = "<group>"; };
		2AFFADCC1E7A770900CCF22B /* LWTableVIewCellProtocol.h */ = {isa = PBXFileReference; fileEncoding = 4; lastKnownFileType = sourcecode.c.h; path = LWTableVIewCellProtocol.h; sourceTree = "<group>"; };
		2AFFADCD1E7A770900CCF22B /* LWTableViewHeaderFooterView.h */ = {isa = PBXFileReference; fileEncoding = 4; lastKnownFileType = sourcecode.c.h; path = LWTableViewHeaderFooterView.h; sourceTree = "<group>"; };
		2AFFADCE1E7A770900CCF22B /* LWTableViewHeaderFooterView.m */ = {isa = PBXFileReference; fileEncoding = 4; lastKnownFileType = sourcecode.c.objc; path = LWTableViewHeaderFooterView.m; sourceTree = "<group>"; };
		2AFFADCF1E7A770900CCF22B /* LWTableViewHeaderFooterViewProtocol.h */ = {isa = PBXFileReference; fileEncoding = 4; lastKnownFileType = sourcecode.c.h; path = LWTableViewHeaderFooterViewProtocol.h; sourceTree = "<group>"; };
		2AFFADD41E7A785300CCF22B /* LWCirleListViewController.h */ = {isa = PBXFileReference; fileEncoding = 4; lastKnownFileType = sourcecode.c.h; path = LWCirleListViewController.h; sourceTree = "<group>"; };
		2AFFADD51E7A785300CCF22B /* LWCirleListViewController.m */ = {isa = PBXFileReference; fileEncoding = 4; lastKnownFileType = sourcecode.c.objc; path = LWCirleListViewController.m; sourceTree = "<group>"; };
		2AFFADD71E7A7C6C00CCF22B /* LWCircleListView.h */ = {isa = PBXFileReference; fileEncoding = 4; lastKnownFileType = sourcecode.c.h; path = LWCircleListView.h; sourceTree = "<group>"; };
		2AFFADD81E7A7C6C00CCF22B /* LWCircleListView.m */ = {isa = PBXFileReference; fileEncoding = 4; lastKnownFileType = sourcecode.c.objc; path = LWCircleListView.m; sourceTree = "<group>"; };
		2AFFADDA1E7A7C8C00CCF22B /* LWCircleListTableCell.h */ = {isa = PBXFileReference; fileEncoding = 4; lastKnownFileType = sourcecode.c.h; path = LWCircleListTableCell.h; sourceTree = "<group>"; };
		2AFFADDB1E7A7C8C00CCF22B /* LWCircleListTableCell.m */ = {isa = PBXFileReference; fileEncoding = 4; lastKnownFileType = sourcecode.c.objc; path = LWCircleListTableCell.m; sourceTree = "<group>"; };
		2AFFADDD1E7A7D0500CCF22B /* LWCircleListSectionHeaderView.h */ = {isa = PBXFileReference; fileEncoding = 4; lastKnownFileType = sourcecode.c.h; path = LWCircleListSectionHeaderView.h; sourceTree = "<group>"; };
		2AFFADDE1E7A7D0500CCF22B /* LWCircleListSectionHeaderView.m */ = {isa = PBXFileReference; fileEncoding = 4; lastKnownFileType = sourcecode.c.objc; path = LWCircleListSectionHeaderView.m; sourceTree = "<group>"; };
		2AFFADE01E7A7D1900CCF22B /* LWCircleListHeaderView.h */ = {isa = PBXFileReference; fileEncoding = 4; lastKnownFileType = sourcecode.c.h; path = LWCircleListHeaderView.h; sourceTree = "<group>"; };
		2AFFADE11E7A7D1900CCF22B /* LWCircleListHeaderView.m */ = {isa = PBXFileReference; fileEncoding = 4; lastKnownFileType = sourcecode.c.objc; path = LWCircleListHeaderView.m; sourceTree = "<group>"; };
		2AFFADE31E7A7D4000CCF22B /* LWCircleListCollectionCell.h */ = {isa = PBXFileReference; fileEncoding = 4; lastKnownFileType = sourcecode.c.h; path = LWCircleListCollectionCell.h; sourceTree = "<group>"; };
		2AFFADE41E7A7D4000CCF22B /* LWCircleListCollectionCell.m */ = {isa = PBXFileReference; fileEncoding = 4; lastKnownFileType = sourcecode.c.objc; path = LWCircleListCollectionCell.m; sourceTree = "<group>"; };
		2AFFADE61E7A7D6900CCF22B /* LWCircleListColectionCellViewModel.h */ = {isa = PBXFileReference; fileEncoding = 4; lastKnownFileType = sourcecode.c.h; path = LWCircleListColectionCellViewModel.h; sourceTree = "<group>"; };
		2AFFADE71E7A7D6900CCF22B /* LWCircleListColectionCellViewModel.m */ = {isa = PBXFileReference; fileEncoding = 4; lastKnownFileType = sourcecode.c.objc; path = LWCircleListColectionCellViewModel.m; sourceTree = "<group>"; };
		2AFFADE91E7A7D7B00CCF22B /* LWCircleListHeaderViewModel.h */ = {isa = PBXFileReference; fileEncoding = 4; lastKnownFileType = sourcecode.c.h; path = LWCircleListHeaderViewModel.h; sourceTree = "<group>"; };
		2AFFADEA1E7A7D7B00CCF22B /* LWCircleListHeaderViewModel.m */ = {isa = PBXFileReference; fileEncoding = 4; lastKnownFileType = sourcecode.c.objc; path = LWCircleListHeaderViewModel.m; sourceTree = "<group>"; };
		2AFFADEC1E7A7D9200CCF22B /* LWCircleListSectionHeaderViewModel.h */ = {isa = PBXFileReference; fileEncoding = 4; lastKnownFileType = sourcecode.c.h; path = LWCircleListSectionHeaderViewModel.h; sourceTree = "<group>"; };
		2AFFADED1E7A7D9200CCF22B /* LWCircleListSectionHeaderViewModel.m */ = {isa = PBXFileReference; fileEncoding = 4; lastKnownFileType = sourcecode.c.objc; path = LWCircleListSectionHeaderViewModel.m; sourceTree = "<group>"; };
		2AFFADEF1E7A7DA400CCF22B /* LWCircleListViewModel.h */ = {isa = PBXFileReference; fileEncoding = 4; lastKnownFileType = sourcecode.c.h; path = LWCircleListViewModel.h; sourceTree = "<group>"; };
		2AFFADF01E7A7DA400CCF22B /* LWCircleListViewModel.m */ = {isa = PBXFileReference; fileEncoding = 4; lastKnownFileType = sourcecode.c.objc; path = LWCircleListViewModel.m; sourceTree = "<group>"; };
		864102FE54A20F539EC8C7E8 /* libPods-LWMVVMDemo.a */ = {isa = PBXFileReference; explicitFileType = archive.ar; includeInIndex = 0; path = "libPods-LWMVVMDemo.a"; sourceTree = BUILT_PRODUCTS_DIR; };
		E9D49377A9EC5824A1B46796 /* Pods-LWMVVMDemo.debug.xcconfig */ = {isa = PBXFileReference; includeInIndex = 1; lastKnownFileType = text.xcconfig; name = "Pods-LWMVVMDemo.debug.xcconfig"; path = "Pods/Target Support Files/Pods-LWMVVMDemo/Pods-LWMVVMDemo.debug.xcconfig"; sourceTree = "<group>"; };
		F152A32B105EB55953B466BB /* Pods-LWMVVMDemo.release.xcconfig */ = {isa = PBXFileReference; includeInIndex = 1; lastKnownFileType = text.xcconfig; name = "Pods-LWMVVMDemo.release.xcconfig"; path = "Pods/Target Support Files/Pods-LWMVVMDemo/Pods-LWMVVMDemo.release.xcconfig"; sourceTree = "<group>"; };
/* End PBXFileReference section */

/* Begin PBXFrameworksBuildPhase section */
		2AFBB5141E78D346002EE0D6 /* Frameworks */ = {
			isa = PBXFrameworksBuildPhase;
			buildActionMask = 2147483647;
			files = (
				B080F257FE822513DC5C7D91 /* libPods-LWMVVMDemo.a in Frameworks */,
			);
			runOnlyForDeploymentPostprocessing = 0;
		};
		2AFBB52D1E78D346002EE0D6 /* Frameworks */ = {
			isa = PBXFrameworksBuildPhase;
			buildActionMask = 2147483647;
			files = (
			);
			runOnlyForDeploymentPostprocessing = 0;
		};
		2AFBB5381E78D346002EE0D6 /* Frameworks */ = {
			isa = PBXFrameworksBuildPhase;
			buildActionMask = 2147483647;
			files = (
			);
			runOnlyForDeploymentPostprocessing = 0;
		};
/* End PBXFrameworksBuildPhase section */

/* Begin PBXGroup section */
		2A3CCF2A1E790E9500653ACF /* LWSection */ = {
			isa = PBXGroup;
			children = (
				2A3CCF2B1E790E9500653ACF /* CircleList */,
			);
			path = LWSection;
			sourceTree = "<group>";
		};
		2A3CCF2B1E790E9500653ACF /* CircleList */ = {
			isa = PBXGroup;
			children = (
				2A3CCF2C1E790E9500653ACF /* Model */,
				2A3CCF2D1E790E9500653ACF /* View */,
				2A3CCF2E1E790E9500653ACF /* ViewController */,
				2A3CCF2F1E790E9500653ACF /* ViewModel */,
			);
			path = CircleList;
			sourceTree = "<group>";
		};
		2A3CCF2C1E790E9500653ACF /* Model */ = {
			isa = PBXGroup;
			children = (
			);
			path = Model;
			sourceTree = "<group>";
		};
		2A3CCF2D1E790E9500653ACF /* View */ = {
			isa = PBXGroup;
			children = (
				2AFFADD71E7A7C6C00CCF22B /* LWCircleListView.h */,
				2AFFADD81E7A7C6C00CCF22B /* LWCircleListView.m */,
				2AFFADDA1E7A7C8C00CCF22B /* LWCircleListTableCell.h */,
				2AFFADDB1E7A7C8C00CCF22B /* LWCircleListTableCell.m */,
				2AFFADDD1E7A7D0500CCF22B /* LWCircleListSectionHeaderView.h */,
				2AFFADDE1E7A7D0500CCF22B /* LWCircleListSectionHeaderView.m */,
				2AFFADE01E7A7D1900CCF22B /* LWCircleListHeaderView.h */,
				2AFFADE11E7A7D1900CCF22B /* LWCircleListHeaderView.m */,
				2AFFADE31E7A7D4000CCF22B /* LWCircleListCollectionCell.h */,
				2AFFADE41E7A7D4000CCF22B /* LWCircleListCollectionCell.m */,
			);
			path = View;
			sourceTree = "<group>";
		};
		2A3CCF2E1E790E9500653ACF /* ViewController */ = {
			isa = PBXGroup;
			children = (
				2AFFADD41E7A785300CCF22B /* LWCirleListViewController.h */,
				2AFFADD51E7A785300CCF22B /* LWCirleListViewController.m */,
			);
			path = ViewController;
			sourceTree = "<group>";
		};
		2A3CCF2F1E790E9500653ACF /* ViewModel */ = {
			isa = PBXGroup;
			children = (
				2AFFADE61E7A7D6900CCF22B /* LWCircleListColectionCellViewModel.h */,
				2AFFADE71E7A7D6900CCF22B /* LWCircleListColectionCellViewModel.m */,
				2AFFADE91E7A7D7B00CCF22B /* LWCircleListHeaderViewModel.h */,
				2AFFADEA1E7A7D7B00CCF22B /* LWCircleListHeaderViewModel.m */,
				2AFFADEC1E7A7D9200CCF22B /* LWCircleListSectionHeaderViewModel.h */,
				2AFFADED1E7A7D9200CCF22B /* LWCircleListSectionHeaderViewModel.m */,
				2AFFADEF1E7A7DA400CCF22B /* LWCircleListViewModel.h */,
				2AFFADF01E7A7DA400CCF22B /* LWCircleListViewModel.m */,
			);
			path = ViewModel;
			sourceTree = "<group>";
		};
		2A3CCF301E79172800653ACF /* Base */ = {
			isa = PBXGroup;
			children = (
				2A3CCF361E79176E00653ACF /* LWViewController.h */,
				2A3CCF371E79176E00653ACF /* LWViewController.m */,
				2A3CCF391E79179C00653ACF /* LWViewControllerProtocol.h */,
				2A3CCF3A1E7917C400653ACF /* LWView.h */,
				2A3CCF3B1E7917C400653ACF /* LWView.m */,
				2A3CCF3D1E7917D200653ACF /* LWViewProtocol.h */,
				2A3CCF3E1E7917F800653ACF /* LWViewModel.h */,
				2A3CCF3F1E7917F900653ACF /* LWViewModel.m */,
				2AFFADC31E7A35F700CCF22B /* LWViewModelProtocol.h */,
				2AFFADC51E7A770900CCF22B /* LWCollectionViewCell.h */,
				2AFFADC61E7A770900CCF22B /* LWCollectionViewCell.m */,
				2AFFADC71E7A770900CCF22B /* LWCollerctionViewCellProtocol.h */,
				2AFFADC81E7A770900CCF22B /* LWNavigationController.h */,
				2AFFADC91E7A770900CCF22B /* LWNavigationController.m */,
				2AFFADCA1E7A770900CCF22B /* LWTableViewCell.h */,
				2AFFADCB1E7A770900CCF22B /* LWTableViewCell.m */,
				2AFFADCC1E7A770900CCF22B /* LWTableVIewCellProtocol.h */,
				2AFFADCD1E7A770900CCF22B /* LWTableViewHeaderFooterView.h */,
				2AFFADCE1E7A770900CCF22B /* LWTableViewHeaderFooterView.m */,
				2AFFADCF1E7A770900CCF22B /* LWTableViewHeaderFooterViewProtocol.h */,
			);
			path = Base;
			sourceTree = "<group>";
		};
		2A3CCF311E79172800653ACF /* Categories */ = {
			isa = PBXGroup;
			children = (
			);
			path = Categories;
			sourceTree = "<group>";
		};
		2A3CCF321E79172800653ACF /* Core */ = {
			isa = PBXGroup;
			children = (
			);
			path = Core;
			sourceTree = "<group>";
		};
		2A3CCF331E79172800653ACF /* Models */ = {
			isa = PBXGroup;
			children = (
			);
			path = Models;
			sourceTree = "<group>";
		};
		2A3CCF341E79172800653ACF /* Public */ = {
			isa = PBXGroup;
			children = (
			);
			path = Public;
			sourceTree = "<group>";
		};
		2A3CCF351E79172800653ACF /* Views */ = {
			isa = PBXGroup;
			children = (
			);
			path = Views;
			sourceTree = "<group>";
		};
		2AFBB50E1E78D346002EE0D6 = {
			isa = PBXGroup;
			children = (
				2AFBB5191E78D346002EE0D6 /* LWMVVMDemo */,
				2AFBB5181E78D346002EE0D6 /* Products */,
				44893E43A5866887C4FA6C8F /* Pods */,
				86F3C19B20FA3FD488660B89 /* Frameworks */,
				2AFBB5331E78D346002EE0D6 /* LWMVVMDemoTests */,
				2AFBB53E1E78D346002EE0D6 /* LWMVVMDemoUITests */,
			);
			sourceTree = "<group>";
		};
		2AFBB5181E78D346002EE0D6 /* Products */ = {
			isa = PBXGroup;
			children = (
				2AFBB5171E78D346002EE0D6 /* LWMVVMDemo.app */,
				2AFBB5301E78D346002EE0D6 /* LWMVVMDemoTests.xctest */,
				2AFBB53B1E78D346002EE0D6 /* LWMVVMDemoUITests.xctest */,
			);
			name = Products;
			sourceTree = "<group>";
		};
		2AFBB5191E78D346002EE0D6 /* LWMVVMDemo */ = {
			isa = PBXGroup;
			children = (
				2AFBB5571E78D75D002EE0D6 /* Resource */,
				2AFBB5511E78D71B002EE0D6 /* Class */,
				2AFBB54D1E78D6A1002EE0D6 /* APPDelegate */,
				2AFBB5231E78D346002EE0D6 /* Main.storyboard */,
				2AFBB5261E78D346002EE0D6 /* Assets.xcassets */,
				2AFBB5281E78D346002EE0D6 /* LaunchScreen.storyboard */,
				2AFBB52B1E78D346002EE0D6 /* Info.plist */,
				2AFBB51A1E78D346002EE0D6 /* Supporting Files */,
			);
			path = LWMVVMDemo;
			sourceTree = "<group>";
		};
		2AFBB51A1E78D346002EE0D6 /* Supporting Files */ = {
			isa = PBXGroup;
			children = (
				2AFBB51B1E78D346002EE0D6 /* main.m */,
				2A3CCF291E78EEBA00653ACF /* PrefixHeader.pch */,
			);
			name = "Supporting Files";
			sourceTree = "<group>";
		};
		2AFBB5331E78D346002EE0D6 /* LWMVVMDemoTests */ = {
			isa = PBXGroup;
			children = (
				2AFBB5341E78D346002EE0D6 /* LWMVVMDemoTests.m */,
				2AFBB5361E78D346002EE0D6 /* Info.plist */,
				864102FE54A20F539EC8C7E8 /* libPods-LWMVVMDemo.a */,
			);
			path = LWMVVMDemoTests;
			sourceTree = "<group>";
		};
		2AFBB53E1E78D346002EE0D6 /* LWMVVMDemoUITests */ = {
			isa = PBXGroup;
			children = (
				2AFBB53F1E78D346002EE0D6 /* LWMVVMDemoUITests.m */,
				2AFBB5411E78D346002EE0D6 /* Info.plist */,
			);
			path = LWMVVMDemoUITests;
			sourceTree = "<group>";
		};
		2AFBB54D1E78D6A1002EE0D6 /* APPDelegate */ = {
			isa = PBXGroup;
			children = (
				2AFBB54E1E78D6A1002EE0D6 /* AppDelegate.h */,
				2AFBB54F1E78D6A1002EE0D6 /* AppDelegate.m */,
				2AFBB5671E78DB01002EE0D6 /* LWStartApp.h */,
				2AFBB5681E78DB01002EE0D6 /* LWStartApp.m */,
				2AFBB56A1E78DB1F002EE0D6 /* LWThirdPartService.h */,
				2AFBB56B1E78DB1F002EE0D6 /* LWThirdPartService.m */,
			);
			path = APPDelegate;
			sourceTree = "<group>";
		};
		2AFBB5511E78D71B002EE0D6 /* Class */ = {
			isa = PBXGroup;
			children = (
				2AFBB5521E78D71B002EE0D6 /* General */,
				2AFBB5531E78D71B002EE0D6 /* Helpers */,
				2AFBB5541E78D71B002EE0D6 /* Macro */,
				2AFBB5551E78D71B002EE0D6 /* Sections */,
				2AFBB5561E78D71B002EE0D6 /* Vendors */,
			);
			path = Class;
			sourceTree = "<group>";
		};
		2AFBB5521E78D71B002EE0D6 /* General */ = {
			isa = PBXGroup;
			children = (
				2A3CCF301E79172800653ACF /* Base */,
				2A3CCF311E79172800653ACF /* Categories */,
				2A3CCF321E79172800653ACF /* Core */,
				2A3CCF331E79172800653ACF /* Models */,
				2A3CCF341E79172800653ACF /* Public */,
				2A3CCF351E79172800653ACF /* Views */,
			);
			path = General;
			sourceTree = "<group>";
		};
		2AFBB5531E78D71B002EE0D6 /* Helpers */ = {
			isa = PBXGroup;
			children = (
				2A3CCF421E79193800653ACF /* CMRequest.h */,
				2A3CCF431E79193800653ACF /* CMRequest.m */,
				2A3CCF451E79396D00653ACF /* LWCoreToolCenter.h */,
				2A3CCF461E79396D00653ACF /* LWCoreToolCenter.m */,
			);
			path = Helpers;
			sourceTree = "<group>";
		};
		2AFBB5541E78D71B002EE0D6 /* Macro */ = {
			isa = PBXGroup;
			children = (
				2AFBB5661E78D962002EE0D6 /* ACMacro.h */,
				2AFBB5601E78D8F7002EE0D6 /* APIMacro.h */,
				2AFBB5611E78D904002EE0D6 /* APPMacro.h */,
				2AFBB5621E78D910002EE0D6 /* NotificationMacro.h */,
				2AFBB5631E78D922002EE0D6 /* ToolView.h */,
				2AFBB5641E78D942002EE0D6 /* UtilsMacro.h */,
				2AFBB5651E78D94D002EE0D6 /* VendorMacro.h */,
			);
			path = Macro;
			sourceTree = "<group>";
		};
		2AFBB5551E78D71B002EE0D6 /* Sections */ = {
			isa = PBXGroup;
			children = (
				2A3CCF2A1E790E9500653ACF /* LWSection */,
			);
			path = Sections;
			sourceTree = "<group>";
		};
		2AFBB5561E78D71B002EE0D6 /* Vendors */ = {
			isa = PBXGroup;
			children = (
			);
			path = Vendors;
			sourceTree = "<group>";
		};
		2AFBB5571E78D75D002EE0D6 /* Resource */ = {
			isa = PBXGroup;
			children = (
			);
			path = Resource;
			sourceTree = "<group>";
		};
		44893E43A5866887C4FA6C8F /* Pods */ = {
			isa = PBXGroup;
			children = (
				E9D49377A9EC5824A1B46796 /* Pods-LWMVVMDemo.debug.xcconfig */,
				F152A32B105EB55953B466BB /* Pods-LWMVVMDemo.release.xcconfig */,
			);
			name = Pods;
			sourceTree = "<group>";
		};
		86F3C19B20FA3FD488660B89 /* Frameworks */ = {
			isa = PBXGroup;
			children = (
			);
			name = Frameworks;
			sourceTree = "<group>";
		};
/* End PBXGroup section */

/* Begin PBXNativeTarget section */
		2AFBB5161E78D346002EE0D6 /* LWMVVMDemo */ = {
			isa = PBXNativeTarget;
			buildConfigurationList = 2AFBB5441E78D346002EE0D6 /* Build configuration list for PBXNativeTarget "LWMVVMDemo" */;
			buildPhases = (
				51EF6BCCE0BEFB0C61CC9085 /* [CP] Check Pods Manifest.lock */,
				2AFBB5131E78D346002EE0D6 /* Sources */,
				2AFBB5141E78D346002EE0D6 /* Frameworks */,
				2AFBB5151E78D346002EE0D6 /* Resources */,
				02FC2CE4B6737EA1AE24001F /* [CP] Embed Pods Frameworks */,
				8552808E47D5BE064FBBEE60 /* [CP] Copy Pods Resources */,
			);
			buildRules = (
			);
			dependencies = (
			);
			name = LWMVVMDemo;
			productName = LWMVVMDemo;
			productReference = 2AFBB5171E78D346002EE0D6 /* LWMVVMDemo.app */;
			productType = "com.apple.product-type.application";
		};
		2AFBB52F1E78D346002EE0D6 /* LWMVVMDemoTests */ = {
			isa = PBXNativeTarget;
			buildConfigurationList = 2AFBB5471E78D346002EE0D6 /* Build configuration list for PBXNativeTarget "LWMVVMDemoTests" */;
			buildPhases = (
				2AFBB52C1E78D346002EE0D6 /* Sources */,
				2AFBB52D1E78D346002EE0D6 /* Frameworks */,
				2AFBB52E1E78D346002EE0D6 /* Resources */,
			);
			buildRules = (
			);
			dependencies = (
				2AFBB5321E78D346002EE0D6 /* PBXTargetDependency */,
			);
			name = LWMVVMDemoTests;
			productName = LWMVVMDemoTests;
			productReference = 2AFBB5301E78D346002EE0D6 /* LWMVVMDemoTests.xctest */;
			productType = "com.apple.product-type.bundle.unit-test";
		};
		2AFBB53A1E78D346002EE0D6 /* LWMVVMDemoUITests */ = {
			isa = PBXNativeTarget;
			buildConfigurationList = 2AFBB54A1E78D346002EE0D6 /* Build configuration list for PBXNativeTarget "LWMVVMDemoUITests" */;
			buildPhases = (
				2AFBB5371E78D346002EE0D6 /* Sources */,
				2AFBB5381E78D346002EE0D6 /* Frameworks */,
				2AFBB5391E78D346002EE0D6 /* Resources */,
			);
			buildRules = (
			);
			dependencies = (
				2AFBB53D1E78D346002EE0D6 /* PBXTargetDependency */,
			);
			name = LWMVVMDemoUITests;
			productName = LWMVVMDemoUITests;
			productReference = 2AFBB53B1E78D346002EE0D6 /* LWMVVMDemoUITests.xctest */;
			productType = "com.apple.product-type.bundle.ui-testing";
		};
/* End PBXNativeTarget section */

/* Begin PBXProject section */
		2AFBB50F1E78D346002EE0D6 /* Project object */ = {
			isa = PBXProject;
			attributes = {
				LastUpgradeCheck = 0820;
				ORGANIZATIONNAME = qianbaoeo;
				TargetAttributes = {
					2AFBB5161E78D346002EE0D6 = {
						CreatedOnToolsVersion = 8.2.1;
						DevelopmentTeam = 9J6JH9B3QM;
						ProvisioningStyle = Automatic;
					};
					2AFBB52F1E78D346002EE0D6 = {
						CreatedOnToolsVersion = 8.2.1;
						DevelopmentTeam = 9J6JH9B3QM;
						ProvisioningStyle = Automatic;
						TestTargetID = 2AFBB5161E78D346002EE0D6;
					};
					2AFBB53A1E78D346002EE0D6 = {
						CreatedOnToolsVersion = 8.2.1;
						DevelopmentTeam = 9J6JH9B3QM;
						ProvisioningStyle = Automatic;
						TestTargetID = 2AFBB5161E78D346002EE0D6;
					};
				};
			};
			buildConfigurationList = 2AFBB5121E78D346002EE0D6 /* Build configuration list for PBXProject "LWMVVMDemo" */;
			compatibilityVersion = "Xcode 3.2";
			developmentRegion = English;
			hasScannedForEncodings = 0;
			knownRegions = (
				en,
				Base,
			);
			mainGroup = 2AFBB50E1E78D346002EE0D6;
			productRefGroup = 2AFBB5181E78D346002EE0D6 /* Products */;
			projectDirPath = "";
			projectRoot = "";
			targets = (
				2AFBB5161E78D346002EE0D6 /* LWMVVMDemo */,
				2AFBB52F1E78D346002EE0D6 /* LWMVVMDemoTests */,
				2AFBB53A1E78D346002EE0D6 /* LWMVVMDemoUITests */,
			);
		};
/* End PBXProject section */

/* Begin PBXResourcesBuildPhase section */
		2AFBB5151E78D346002EE0D6 /* Resources */ = {
			isa = PBXResourcesBuildPhase;
			buildActionMask = 2147483647;
			files = (
				2AFBB52A1E78D346002EE0D6 /* LaunchScreen.storyboard in Resources */,
				2AFBB5271E78D346002EE0D6 /* Assets.xcassets in Resources */,
				2AFBB5251E78D346002EE0D6 /* Main.storyboard in Resources */,
			);
			runOnlyForDeploymentPostprocessing = 0;
		};
		2AFBB52E1E78D346002EE0D6 /* Resources */ = {
			isa = PBXResourcesBuildPhase;
			buildActionMask = 2147483647;
			files = (
			);
			runOnlyForDeploymentPostprocessing = 0;
		};
		2AFBB5391E78D346002EE0D6 /* Resources */ = {
			isa = PBXResourcesBuildPhase;
			buildActionMask = 2147483647;
			files = (
			);
			runOnlyForDeploymentPostprocessing = 0;
		};
/* End PBXResourcesBuildPhase section */

/* Begin PBXShellScriptBuildPhase section */
		02FC2CE4B6737EA1AE24001F /* [CP] Embed Pods Frameworks */ = {
			isa = PBXShellScriptBuildPhase;
			buildActionMask = 2147483647;
			files = (
			);
			inputPaths = (
			);
			name = "[CP] Embed Pods Frameworks";
			outputPaths = (
			);
			runOnlyForDeploymentPostprocessing = 0;
			shellPath = /bin/sh;
			shellScript = "\"${SRCROOT}/Pods/Target Support Files/Pods-LWMVVMDemo/Pods-LWMVVMDemo-frameworks.sh\"\n";
			showEnvVarsInLog = 0;
		};
		51EF6BCCE0BEFB0C61CC9085 /* [CP] Check Pods Manifest.lock */ = {
			isa = PBXShellScriptBuildPhase;
			buildActionMask = 2147483647;
			files = (
			);
			inputPaths = (
			);
			name = "[CP] Check Pods Manifest.lock";
			outputPaths = (
			);
			runOnlyForDeploymentPostprocessing = 0;
			shellPath = /bin/sh;
			shellScript = "diff \"${PODS_ROOT}/../Podfile.lock\" \"${PODS_ROOT}/Manifest.lock\" > /dev/null\nif [ $? != 0 ] ; then\n    # print error to STDERR\n    echo \"error: The sandbox is not in sync with the Podfile.lock. Run 'pod install' or update your CocoaPods installation.\" >&2\n    exit 1\nfi\n";
			showEnvVarsInLog = 0;
		};
		8552808E47D5BE064FBBEE60 /* [CP] Copy Pods Resources */ = {
			isa = PBXShellScriptBuildPhase;
			buildActionMask = 2147483647;
			files = (
			);
			inputPaths = (
			);
			name = "[CP] Copy Pods Resources";
			outputPaths = (
			);
			runOnlyForDeploymentPostprocessing = 0;
			shellPath = /bin/sh;
			shellScript = "\"${SRCROOT}/Pods/Target Support Files/Pods-LWMVVMDemo/Pods-LWMVVMDemo-resources.sh\"\n";
			showEnvVarsInLog = 0;
		};
/* End PBXShellScriptBuildPhase section */

/* Begin PBXSourcesBuildPhase section */
		2AFBB5131E78D346002EE0D6 /* Sources */ = {
			isa = PBXSourcesBuildPhase;
			buildActionMask = 2147483647;
			files = (
				2AFBB51C1E78D346002EE0D6 /* main.m in Sources */,
				2AFFADD31E7A770900CCF22B /* LWTableViewHeaderFooterView.m in Sources */,
				2AFBB56C1E78DB1F002EE0D6 /* LWThirdPartService.m in Sources */,
				2AFFADD91E7A7C6C00CCF22B /* LWCircleListView.m in Sources */,
				2A3CCF381E79176E00653ACF /* LWViewController.m in Sources */,
				2A3CCF401E7917F900653ACF /* LWViewModel.m in Sources */,
				2AFFADEE1E7A7D9200CCF22B /* LWCircleListSectionHeaderViewModel.m in Sources */,
				2AFFADE21E7A7D1900CCF22B /* LWCircleListHeaderView.m in Sources */,
				2AFFADD61E7A785300CCF22B /* LWCirleListViewController.m in Sources */,
				2AFFADF11E7A7DA400CCF22B /* LWCircleListViewModel.m in Sources */,
				2AFBB5691E78DB01002EE0D6 /* LWStartApp.m in Sources */,
				2AFFADD01E7A770900CCF22B /* LWCollectionViewCell.m in Sources */,
				2AFFADE51E7A7D4000CCF22B /* LWCircleListCollectionCell.m in Sources */,
				2AFFADD11E7A770900CCF22B /* LWNavigationController.m in Sources */,
				2AFBB5501E78D6A1002EE0D6 /* AppDelegate.m in Sources */,
				2AFFADDC1E7A7C8C00CCF22B /* LWCircleListTableCell.m in Sources */,
				2AFFADDF1E7A7D0500CCF22B /* LWCircleListSectionHeaderView.m in Sources */,
				2AFFADEB1E7A7D7B00CCF22B /* LWCircleListHeaderViewModel.m in Sources */,
				2AFFADD21E7A770900CCF22B /* LWTableViewCell.m in Sources */,
				2AFFADE81E7A7D6900CCF22B /* LWCircleListColectionCellViewModel.m in Sources */,
				2A3CCF471E79396D00653ACF /* LWCoreToolCenter.m in Sources */,
				2A3CCF3C1E7917C400653ACF /* LWView.m in Sources */,
				2A3CCF441E79193800653ACF /* CMRequest.m in Sources */,
			);
			runOnlyForDeploymentPostprocessing = 0;
		};
		2AFBB52C1E78D346002EE0D6 /* Sources */ = {
			isa = PBXSourcesBuildPhase;
			buildActionMask = 2147483647;
			files = (
				2AFBB5351E78D346002EE0D6 /* LWMVVMDemoTests.m in Sources */,
			);
			runOnlyForDeploymentPostprocessing = 0;
		};
		2AFBB5371E78D346002EE0D6 /* Sources */ = {
			isa = PBXSourcesBuildPhase;
			buildActionMask = 2147483647;
			files = (
				2AFBB5401E78D346002EE0D6 /* LWMVVMDemoUITests.m in Sources */,
			);
			runOnlyForDeploymentPostprocessing = 0;
		};
/* End PBXSourcesBuildPhase section */

/* Begin PBXTargetDependency section */
		2AFBB5321E78D346002EE0D6 /* PBXTargetDependency */ = {
			isa = PBXTargetDependency;
			target = 2AFBB5161E78D346002EE0D6 /* LWMVVMDemo */;
			targetProxy = 2AFBB5311E78D346002EE0D6 /* PBXContainerItemProxy */;
		};
		2AFBB53D1E78D346002EE0D6 /* PBXTargetDependency */ = {
			isa = PBXTargetDependency;
			target = 2AFBB5161E78D346002EE0D6 /* LWMVVMDemo */;
			targetProxy = 2AFBB53C1E78D346002EE0D6 /* PBXContainerItemProxy */;
		};
/* End PBXTargetDependency section */

/* Begin PBXVariantGroup section */
		2AFBB5231E78D346002EE0D6 /* Main.storyboard */ = {
			isa = PBXVariantGroup;
			children = (
				2AFBB5241E78D346002EE0D6 /* Base */,
			);
			name = Main.storyboard;
			sourceTree = "<group>";
		};
		2AFBB5281E78D346002EE0D6 /* LaunchScreen.storyboard */ = {
			isa = PBXVariantGroup;
			children = (
				2AFBB5291E78D346002EE0D6 /* Base */,
			);
			name = LaunchScreen.storyboard;
			sourceTree = "<group>";
		};
/* End PBXVariantGroup section */

/* Begin XCBuildConfiguration section */
		2AFBB5421E78D346002EE0D6 /* Debug */ = {
			isa = XCBuildConfiguration;
			buildSettings = {
				ALWAYS_SEARCH_USER_PATHS = NO;
				CLANG_ANALYZER_NONNULL = YES;
				CLANG_CXX_LANGUAGE_STANDARD = "gnu++0x";
				CLANG_CXX_LIBRARY = "libc++";
				CLANG_ENABLE_MODULES = YES;
				CLANG_ENABLE_OBJC_ARC = YES;
				CLANG_WARN_BOOL_CONVERSION = YES;
				CLANG_WARN_CONSTANT_CONVERSION = YES;
				CLANG_WARN_DIRECT_OBJC_ISA_USAGE = YES_ERROR;
				CLANG_WARN_DOCUMENTATION_COMMENTS = YES;
				CLANG_WARN_EMPTY_BODY = YES;
				CLANG_WARN_ENUM_CONVERSION = YES;
				CLANG_WARN_INFINITE_RECURSION = YES;
				CLANG_WARN_INT_CONVERSION = YES;
				CLANG_WARN_OBJC_ROOT_CLASS = YES_ERROR;
				CLANG_WARN_SUSPICIOUS_MOVE = YES;
				CLANG_WARN_UNREACHABLE_CODE = YES;
				CLANG_WARN__DUPLICATE_METHOD_MATCH = YES;
				"CODE_SIGN_IDENTITY[sdk=iphoneos*]" = "iPhone Developer";
				COPY_PHASE_STRIP = NO;
				DEBUG_INFORMATION_FORMAT = dwarf;
				ENABLE_STRICT_OBJC_MSGSEND = YES;
				ENABLE_TESTABILITY = YES;
				GCC_C_LANGUAGE_STANDARD = gnu99;
				GCC_DYNAMIC_NO_PIC = NO;
				GCC_NO_COMMON_BLOCKS = YES;
				GCC_OPTIMIZATION_LEVEL = 0;
				GCC_PREPROCESSOR_DEFINITIONS = (
					"DEBUG=1",
					"$(inherited)",
				);
				GCC_WARN_64_TO_32_BIT_CONVERSION = YES;
				GCC_WARN_ABOUT_RETURN_TYPE = YES_ERROR;
				GCC_WARN_UNDECLARED_SELECTOR = YES;
				GCC_WARN_UNINITIALIZED_AUTOS = YES_AGGRESSIVE;
				GCC_WARN_UNUSED_FUNCTION = YES;
				GCC_WARN_UNUSED_VARIABLE = YES;
				IPHONEOS_DEPLOYMENT_TARGET = 10.2;
				MTL_ENABLE_DEBUG_INFO = YES;
				ONLY_ACTIVE_ARCH = YES;
				SDKROOT = iphoneos;
			};
			name = Debug;
		};
		2AFBB5431E78D346002EE0D6 /* Release */ = {
			isa = XCBuildConfiguration;
			buildSettings = {
				ALWAYS_SEARCH_USER_PATHS = NO;
				CLANG_ANALYZER_NONNULL = YES;
				CLANG_CXX_LANGUAGE_STANDARD = "gnu++0x";
				CLANG_CXX_LIBRARY = "libc++";
				CLANG_ENABLE_MODULES = YES;
				CLANG_ENABLE_OBJC_ARC = YES;
				CLANG_WARN_BOOL_CONVERSION = YES;
				CLANG_WARN_CONSTANT_CONVERSION = YES;
				CLANG_WARN_DIRECT_OBJC_ISA_USAGE = YES_ERROR;
				CLANG_WARN_DOCUMENTATION_COMMENTS = YES;
				CLANG_WARN_EMPTY_BODY = YES;
				CLANG_WARN_ENUM_CONVERSION = YES;
				CLANG_WARN_INFINITE_RECURSION = YES;
				CLANG_WARN_INT_CONVERSION = YES;
				CLANG_WARN_OBJC_ROOT_CLASS = YES_ERROR;
				CLANG_WARN_SUSPICIOUS_MOVE = YES;
				CLANG_WARN_UNREACHABLE_CODE = YES;
				CLANG_WARN__DUPLICATE_METHOD_MATCH = YES;
				"CODE_SIGN_IDENTITY[sdk=iphoneos*]" = "iPhone Developer";
				COPY_PHASE_STRIP = NO;
				DEBUG_INFORMATION_FORMAT = "dwarf-with-dsym";
				ENABLE_NS_ASSERTIONS = NO;
				ENABLE_STRICT_OBJC_MSGSEND = YES;
				GCC_C_LANGUAGE_STANDARD = gnu99;
				GCC_NO_COMMON_BLOCKS = YES;
				GCC_WARN_64_TO_32_BIT_CONVERSION = YES;
				GCC_WARN_ABOUT_RETURN_TYPE = YES_ERROR;
				GCC_WARN_UNDECLARED_SELECTOR = YES;
				GCC_WARN_UNINITIALIZED_AUTOS = YES_AGGRESSIVE;
				GCC_WARN_UNUSED_FUNCTION = YES;
				GCC_WARN_UNUSED_VARIABLE = YES;
				IPHONEOS_DEPLOYMENT_TARGET = 10.2;
				MTL_ENABLE_DEBUG_INFO = NO;
				SDKROOT = iphoneos;
				VALIDATE_PRODUCT = YES;
			};
			name = Release;
		};
		2AFBB5451E78D346002EE0D6 /* Debug */ = {
			isa = XCBuildConfiguration;
			baseConfigurationReference = E9D49377A9EC5824A1B46796 /* Pods-LWMVVMDemo.debug.xcconfig */;
			buildSettings = {
				ASSETCATALOG_COMPILER_APPICON_NAME = AppIcon;
				CLANG_ENABLE_OBJC_WEAK = YES;
				DEVELOPMENT_TEAM = 9J6JH9B3QM;
				GCC_PRECOMPILE_PREFIX_HEADER = YES;
				GCC_PREFIX_HEADER = LWMVVMDemo/PrefixHeader.pch;
				INFOPLIST_FILE = LWMVVMDemo/Info.plist;
				LD_RUNPATH_SEARCH_PATHS = "$(inherited) @executable_path/Frameworks";
				LIBRARY_SEARCH_PATHS = (
					"$(inherited)",
					"\"$PODS_CONFIGURATION_BUILD_DIR/AFNetworking\"",
					"\"$PODS_CONFIGURATION_BUILD_DIR/CHTCollectionViewWaterfallLayout\"",
					"\"$PODS_CONFIGURATION_BUILD_DIR/CTAssetsPickerController\"",
					"\"$PODS_CONFIGURATION_BUILD_DIR/DACircularProgress\"",
					"\"$PODS_CONFIGURATION_BUILD_DIR/DLStarRating\"",
					"\"$PODS_CONFIGURATION_BUILD_DIR/DOPDropDownMenu-Enhanced\"",
					"\"$PODS_CONFIGURATION_BUILD_DIR/DTCoreText\"",
					"\"$PODS_CONFIGURATION_BUILD_DIR/DTFoundation\"",
					"\"$PODS_CONFIGURATION_BUILD_DIR/DZNEmptyDataSet\"",
					"\"$PODS_CONFIGURATION_BUILD_DIR/EAIntroView\"",
					"\"$PODS_CONFIGURATION_BUILD_DIR/EARestrictedScrollView\"",
					"\"$PODS_CONFIGURATION_BUILD_DIR/EGOCache\"",
					"\"$PODS_CONFIGURATION_BUILD_DIR/FDFullscreenPopGesture\"",
					"\"$PODS_CONFIGURATION_BUILD_DIR/IQKeyboardManager\"",
					"\"$PODS_CONFIGURATION_BUILD_DIR/JSONKit\"",
					"\"$PODS_CONFIGURATION_BUILD_DIR/MBProgressHUD\"",
					"\"$PODS_CONFIGURATION_BUILD_DIR/MDRadialProgress\"",
					"\"$PODS_CONFIGURATION_BUILD_DIR/MJExtension\"",
					"\"$PODS_CONFIGURATION_BUILD_DIR/MJPopupViewController\"",
					"\"$PODS_CONFIGURATION_BUILD_DIR/MJRefresh\"",
					"\"$PODS_CONFIGURATION_BUILD_DIR/MMDrawerController\"",
					"\"$PODS_CONFIGURATION_BUILD_DIR/MWPhotoBrowser\"",
					"\"$PODS_CONFIGURATION_BUILD_DIR/MZAppearance\"",
					"\"$PODS_CONFIGURATION_BUILD_DIR/MagicalRecord\"",
					"\"$PODS_CONFIGURATION_BUILD_DIR/Masonry\"",
					"\"$PODS_CONFIGURATION_BUILD_DIR/PureLayout\"",
					"\"$PODS_CONFIGURATION_BUILD_DIR/RDVTabBarController\"",
					"\"$PODS_CONFIGURATION_BUILD_DIR/Reachability\"",
					"\"$PODS_CONFIGURATION_BUILD_DIR/ReactiveCocoa\"",
					"\"$PODS_CONFIGURATION_BUILD_DIR/SDWebImage\"",
					"\"$PODS_CONFIGURATION_BUILD_DIR/SVProgressHUD\"",
					"\"$PODS_CONFIGURATION_BUILD_DIR/SlackTextViewController\"",
					"\"$PODS_CONFIGURATION_BUILD_DIR/UITableView+FDTemplateLayoutCell\"",
					"\"$PODS_CONFIGURATION_BUILD_DIR/VZInspector\"",
					"\"$PODS_CONFIGURATION_BUILD_DIR/WMPageController\"",
				);
				ONLY_ACTIVE_ARCH = YES;
				PRODUCT_BUNDLE_IDENTIFIER = qianbao.LWMVVMDemo;
				PRODUCT_NAME = "$(TARGET_NAME)";
				USER_HEADER_SEARCH_PATHS = "$(PODS_ROOT)/**";
				VALID_ARCHS = "arm64 armv7 armv7s";
			};
			name = Debug;
		};
		2AFBB5461E78D346002EE0D6 /* Release */ = {
			isa = XCBuildConfiguration;
			baseConfigurationReference = F152A32B105EB55953B466BB /* Pods-LWMVVMDemo.release.xcconfig */;
			buildSettings = {
				ASSETCATALOG_COMPILER_APPICON_NAME = AppIcon;
				CLANG_ENABLE_OBJC_WEAK = YES;
				DEVELOPMENT_TEAM = 9J6JH9B3QM;
				GCC_PRECOMPILE_PREFIX_HEADER = YES;
				GCC_PREFIX_HEADER = LWMVVMDemo/PrefixHeader.pch;
				INFOPLIST_FILE = LWMVVMDemo/Info.plist;
				LD_RUNPATH_SEARCH_PATHS = "$(inherited) @executable_path/Frameworks";
				LIBRARY_SEARCH_PATHS = (
					"$(inherited)",
					"\"$PODS_CONFIGURATION_BUILD_DIR/AFNetworking\"",
					"\"$PODS_CONFIGURATION_BUILD_DIR/CHTCollectionViewWaterfallLayout\"",
					"\"$PODS_CONFIGURATION_BUILD_DIR/CTAssetsPickerController\"",
					"\"$PODS_CONFIGURATION_BUILD_DIR/DACircularProgress\"",
					"\"$PODS_CONFIGURATION_BUILD_DIR/DLStarRating\"",
					"\"$PODS_CONFIGURATION_BUILD_DIR/DOPDropDownMenu-Enhanced\"",
					"\"$PODS_CONFIGURATION_BUILD_DIR/DTCoreText\"",
					"\"$PODS_CONFIGURATION_BUILD_DIR/DTFoundation\"",
					"\"$PODS_CONFIGURATION_BUILD_DIR/DZNEmptyDataSet\"",
					"\"$PODS_CONFIGURATION_BUILD_DIR/EAIntroView\"",
					"\"$PODS_CONFIGURATION_BUILD_DIR/EARestrictedScrollView\"",
					"\"$PODS_CONFIGURATION_BUILD_DIR/EGOCache\"",
					"\"$PODS_CONFIGURATION_BUILD_DIR/FDFullscreenPopGesture\"",
					"\"$PODS_CONFIGURATION_BUILD_DIR/IQKeyboardManager\"",
					"\"$PODS_CONFIGURATION_BUILD_DIR/JSONKit\"",
					"\"$PODS_CONFIGURATION_BUILD_DIR/MBProgressHUD\"",
					"\"$PODS_CONFIGURATION_BUILD_DIR/MDRadialProgress\"",
					"\"$PODS_CONFIGURATION_BUILD_DIR/MJExtension\"",
					"\"$PODS_CONFIGURATION_BUILD_DIR/MJPopupViewController\"",
					"\"$PODS_CONFIGURATION_BUILD_DIR/MJRefresh\"",
					"\"$PODS_CONFIGURATION_BUILD_DIR/MMDrawerController\"",
					"\"$PODS_CONFIGURATION_BUILD_DIR/MWPhotoBrowser\"",
					"\"$PODS_CONFIGURATION_BUILD_DIR/MZAppearance\"",
					"\"$PODS_CONFIGURATION_BUILD_DIR/MagicalRecord\"",
					"\"$PODS_CONFIGURATION_BUILD_DIR/Masonry\"",
					"\"$PODS_CONFIGURATION_BUILD_DIR/PureLayout\"",
					"\"$PODS_CONFIGURATION_BUILD_DIR/RDVTabBarController\"",
					"\"$PODS_CONFIGURATION_BUILD_DIR/Reachability\"",
					"\"$PODS_CONFIGURATION_BUILD_DIR/ReactiveCocoa\"",
					"\"$PODS_CONFIGURATION_BUILD_DIR/SDWebImage\"",
					"\"$PODS_CONFIGURATION_BUILD_DIR/SVProgressHUD\"",
					"\"$PODS_CONFIGURATION_BUILD_DIR/SlackTextViewController\"",
					"\"$PODS_CONFIGURATION_BUILD_DIR/UITableView+FDTemplateLayoutCell\"",
					"\"$PODS_CONFIGURATION_BUILD_DIR/VZInspector\"",
					"\"$PODS_CONFIGURATION_BUILD_DIR/WMPageController\"",
				);
				ONLY_ACTIVE_ARCH = YES;
				PRODUCT_BUNDLE_IDENTIFIER = qianbao.LWMVVMDemo;
				PRODUCT_NAME = "$(TARGET_NAME)";
				USER_HEADER_SEARCH_PATHS = "$(PODS_ROOT)/**";
				VALID_ARCHS = "arm64 armv7 armv7s";
			};
			name = Release;
		};
		2AFBB5481E78D346002EE0D6 /* Debug */ = {
			isa = XCBuildConfiguration;
			buildSettings = {
				BUNDLE_LOADER = "$(TEST_HOST)";
				DEVELOPMENT_TEAM = 9J6JH9B3QM;
				INFOPLIST_FILE = LWMVVMDemoTests/Info.plist;
				LD_RUNPATH_SEARCH_PATHS = "$(inherited) @executable_path/Frameworks @loader_path/Frameworks";
				PRODUCT_BUNDLE_IDENTIFIER = qianbao.LWMVVMDemoTests;
				PRODUCT_NAME = "$(TARGET_NAME)";
				TEST_HOST = "$(BUILT_PRODUCTS_DIR)/LWMVVMDemo.app/LWMVVMDemo";
			};
			name = Debug;
		};
		2AFBB5491E78D346002EE0D6 /* Release */ = {
			isa = XCBuildConfiguration;
			buildSettings = {
				BUNDLE_LOADER = "$(TEST_HOST)";
				DEVELOPMENT_TEAM = 9J6JH9B3QM;
				INFOPLIST_FILE = LWMVVMDemoTests/Info.plist;
				LD_RUNPATH_SEARCH_PATHS = "$(inherited) @executable_path/Frameworks @loader_path/Frameworks";
				PRODUCT_BUNDLE_IDENTIFIER = qianbao.LWMVVMDemoTests;
				PRODUCT_NAME = "$(TARGET_NAME)";
				TEST_HOST = "$(BUILT_PRODUCTS_DIR)/LWMVVMDemo.app/LWMVVMDemo";
			};
			name = Release;
		};
		2AFBB54B1E78D346002EE0D6 /* Debug */ = {
			isa = XCBuildConfiguration;
			buildSettings = {
				DEVELOPMENT_TEAM = 9J6JH9B3QM;
				INFOPLIST_FILE = LWMVVMDemoUITests/Info.plist;
				LD_RUNPATH_SEARCH_PATHS = "$(inherited) @executable_path/Frameworks @loader_path/Frameworks";
				PRODUCT_BUNDLE_IDENTIFIER = qianbao.LWMVVMDemoUITests;
				PRODUCT_NAME = "$(TARGET_NAME)";
				TEST_TARGET_NAME = LWMVVMDemo;
			};
			name = Debug;
		};
		2AFBB54C1E78D346002EE0D6 /* Release */ = {
			isa = XCBuildConfiguration;
			buildSettings = {
				DEVELOPMENT_TEAM = 9J6JH9B3QM;
				INFOPLIST_FILE = LWMVVMDemoUITests/Info.plist;
				LD_RUNPATH_SEARCH_PATHS = "$(inherited) @executable_path/Frameworks @loader_path/Frameworks";
				PRODUCT_BUNDLE_IDENTIFIER = qianbao.LWMVVMDemoUITests;
				PRODUCT_NAME = "$(TARGET_NAME)";
				TEST_TARGET_NAME = LWMVVMDemo;
			};
			name = Release;
		};
/* End XCBuildConfiguration section */

/* Begin XCConfigurationList section */
		2AFBB5121E78D346002EE0D6 /* Build configuration list for PBXProject "LWMVVMDemo" */ = {
			isa = XCConfigurationList;
			buildConfigurations = (
				2AFBB5421E78D346002EE0D6 /* Debug */,
				2AFBB5431E78D346002EE0D6 /* Release */,
			);
			defaultConfigurationIsVisible = 0;
			defaultConfigurationName = Release;
		};
		2AFBB5441E78D346002EE0D6 /* Build configuration list for PBXNativeTarget "LWMVVMDemo" */ = {
			isa = XCConfigurationList;
			buildConfigurations = (
				2AFBB5451E78D346002EE0D6 /* Debug */,
				2AFBB5461E78D346002EE0D6 /* Release */,
			);
			defaultConfigurationIsVisible = 0;
			defaultConfigurationName = Release;
		};
		2AFBB5471E78D346002EE0D6 /* Build configuration list for PBXNativeTarget "LWMVVMDemoTests" */ = {
			isa = XCConfigurationList;
			buildConfigurations = (
				2AFBB5481E78D346002EE0D6 /* Debug */,
				2AFBB5491E78D346002EE0D6 /* Release */,
			);
			defaultConfigurationIsVisible = 0;
			defaultConfigurationName = Release;
		};
		2AFBB54A1E78D346002EE0D6 /* Build configuration list for PBXNativeTarget "LWMVVMDemoUITests" */ = {
			isa = XCConfigurationList;
			buildConfigurations = (
				2AFBB54B1E78D346002EE0D6 /* Debug */,
				2AFBB54C1E78D346002EE0D6 /* Release */,
			);
			defaultConfigurationIsVisible = 0;
			defaultConfigurationName = Release;
		};
/* End XCConfigurationList section */
	};
	rootObject = 2AFBB50F1E78D346002EE0D6 /* Project object */;
}
